
Microsoft Visual Studio Solution File, Format Version 12.00
# Visual Studio 2013
VisualStudioVersion = 12.0.31101.0
MinimumVisualStudioVersion = 10.0.40219.1
Project("{FAE04EC0-301F-11D3-BF4B-00C04F79EFBC}") = "KuzeyYeli.WinFormUI", "KuzeyYeli.WinFormUI\KuzeyYeli.WinFormUI.csproj", "{074F88E2-9335-405A-9352-7775E1C3C631}"
EndProject
Project("{FAE04EC0-301F-11D3-BF4B-00C04F79EFBC}") = "KuzeyYeli.ORM", "KuzeyYeli.ORM\KuzeyYeli.ORM.csproj", "{E641DEDE-EBE1-41E8-8476-DA3FD7F5862F}"
EndProject
Global
	GlobalSection(SolutionConfigurationPlatforms) = preSolution
		Debug|Any CPU = Debug|Any CPU
		Release|Any CPU = Release|Any CPU
	EndGlobalSection
	GlobalSection(ProjectConfigurationPlatforms) = postSolution
		{074F88E2-9335-405A-9352-7775E1C3C631}.Debug|Any CPU.ActiveCfg = Debug|Any CPU
		{074F88E2-9335-405A-9352-7775E1C3C631}.Debug|Any CPU.Build.0 = Debug|Any CPU
		{074F88E2-9335-405A-9352-7775E1C3C631}.Release|Any CPU.ActiveCfg = Release|Any CPU
		{074F88E2-9335-405A-9352-7775E1C3C631}.Release|Any CPU.Build.0 = Release|Any CPU
		{E641DEDE-EBE1-41E8-8476-DA3FD7F5862F}.Debug|Any CPU.ActiveCfg = Debug|Any CPU
		{E641DEDE-EBE1-41E8-8476-DA3FD7F5862F}.Debug|Any CPU.Build.0 = Debug|Any CPU
		{E641DEDE-EBE1-41E8-8476-DA3FD7F5862F}.Release|Any CPU.ActiveCfg = Release|Any CPU
		{E641DEDE-EBE1-41E8-8476-DA3FD7F5862F}.Release|Any CPU.Build.0 = Release|Any CPU
	EndGlobalSection
	GlobalSection(SolutionProperties) = preSolution
		HideSolutionNode = FALSE
	EndGlobalSection
EndGlobal
