
Microsoft Visual Studio Solution File, Format Version 12.00
# Visual Studio 2013
VisualStudioVersion = 12.0.31101.0
MinimumVisualStudioVersion = 10.0.40219.1
Project("{FAE04EC0-301F-11D3-BF4B-00C04F79EFBC}") = "ado2_disconnected_mimari", "ado2_disconnected_mimari\ado2_disconnected_mimari.csproj", "{B254E87A-AB76-462D-8D2C-A84FDCB43743}"
EndProject
Global
	GlobalSection(SolutionConfigurationPlatforms) = preSolution
		Debug|Any CPU = Debug|Any CPU
		Release|Any CPU = Release|Any CPU
	EndGlobalSection
	GlobalSection(ProjectConfigurationPlatforms) = postSolution
		{B254E87A-AB76-462D-8D2C-A84FDCB43743}.Debug|Any CPU.ActiveCfg = Debug|Any CPU
		{B254E87A-AB76-462D-8D2C-A84FDCB43743}.Debug|Any CPU.Build.0 = Debug|Any CPU
		{B254E87A-AB76-462D-8D2C-A84FDCB43743}.Release|Any CPU.ActiveCfg = Release|Any CPU
		{B254E87A-AB76-462D-8D2C-A84FDCB43743}.Release|Any CPU.Build.0 = Release|Any CPU
	EndGlobalSection
	GlobalSection(SolutionProperties) = preSolution
		HideSolutionNode = FALSE
	EndGlobalSection
EndGlobal
