
Microsoft Visual Studio Solution File, Format Version 12.00
# Visual Studio 2013
VisualStudioVersion = 12.0.31101.0
MinimumVisualStudioVersion = 10.0.40219.1
Project("{FAE04EC0-301F-11D3-BF4B-00C04F79EFBC}") = "B304Mimari.WinFormUI", "B304Mimari.WinFormUI\B304Mimari.WinFormUI.csproj", "{CDDAB49D-D4A6-496C-8B28-A0AFA8C0EB8C}"
EndProject
Project("{FAE04EC0-301F-11D3-BF4B-00C04F79EFBC}") = "B304Mimari.ORM", "B304Mimari.ORM\B304Mimari.ORM.csproj", "{2D77E467-091C-45BE-B04F-0B60F48DDE9F}"
EndProject
Project("{FAE04EC0-301F-11D3-BF4B-00C04F79EFBC}") = "B304Mimari.Entity", "B304Mimari.Entity\B304Mimari.Entity.csproj", "{A4C1E28D-D430-4A50-A0A7-48E6427905C6}"
EndProject
Global
	GlobalSection(SolutionConfigurationPlatforms) = preSolution
		Debug|Any CPU = Debug|Any CPU
		Release|Any CPU = Release|Any CPU
	EndGlobalSection
	GlobalSection(ProjectConfigurationPlatforms) = postSolution
		{CDDAB49D-D4A6-496C-8B28-A0AFA8C0EB8C}.Debug|Any CPU.ActiveCfg = Debug|Any CPU
		{CDDAB49D-D4A6-496C-8B28-A0AFA8C0EB8C}.Debug|Any CPU.Build.0 = Debug|Any CPU
		{CDDAB49D-D4A6-496C-8B28-A0AFA8C0EB8C}.Release|Any CPU.ActiveCfg = Release|Any CPU
		{CDDAB49D-D4A6-496C-8B28-A0AFA8C0EB8C}.Release|Any CPU.Build.0 = Release|Any CPU
		{2D77E467-091C-45BE-B04F-0B60F48DDE9F}.Debug|Any CPU.ActiveCfg = Debug|Any CPU
		{2D77E467-091C-45BE-B04F-0B60F48DDE9F}.Debug|Any CPU.Build.0 = Debug|Any CPU
		{2D77E467-091C-45BE-B04F-0B60F48DDE9F}.Release|Any CPU.ActiveCfg = Release|Any CPU
		{2D77E467-091C-45BE-B04F-0B60F48DDE9F}.Release|Any CPU.Build.0 = Release|Any CPU
		{A4C1E28D-D430-4A50-A0A7-48E6427905C6}.Debug|Any CPU.ActiveCfg = Debug|Any CPU
		{A4C1E28D-D430-4A50-A0A7-48E6427905C6}.Debug|Any CPU.Build.0 = Debug|Any CPU
		{A4C1E28D-D430-4A50-A0A7-48E6427905C6}.Release|Any CPU.ActiveCfg = Release|Any CPU
		{A4C1E28D-D430-4A50-A0A7-48E6427905C6}.Release|Any CPU.Build.0 = Release|Any CPU
	EndGlobalSection
	GlobalSection(SolutionProperties) = preSolution
		HideSolutionNode = FALSE
	EndGlobalSection
EndGlobal
